
Microsoft Visual Studio Solution File, Format Version 12.00
# Visual Studio Version 16
VisualStudioVersion = 16.0.31229.75
MinimumVisualStudioVersion = 10.0.40219.1
Project("{FAE04EC0-301F-11D3-BF4B-00C04F79EFBC}") = "WindowsFormsApp4", "WindowsFormsApp4.csproj", "{AFCFF4B4-3D38-4FFA-A855-B9918F32BFA5}"
EndProject
Global
	GlobalSection(SolutionConfigurationPlatforms) = preSolution
		Debug|Any CPU = Debug|Any CPU
		Release|Any CPU = Release|Any CPU
	EndGlobalSection
	GlobalSection(ProjectConfigurationPlatforms) = postSolution
		{AFCFF4B4-3D38-4FFA-A855-B9918F32BFA5}.Debug|Any CPU.ActiveCfg = Debug|Any CPU
		{AFCFF4B4-3D38-4FFA-A855-B9918F32BFA5}.Debug|Any CPU.Build.0 = Debug|Any CPU
		{AFCFF4B4-3D38-4FFA-A855-B9918F32BFA5}.Release|Any CPU.ActiveCfg = Release|Any CPU
		{AFCFF4B4-3D38-4FFA-A855-B9918F32BFA5}.Release|Any CPU.Build.0 = Release|Any CPU
	EndGlobalSection
	GlobalSection(SolutionProperties) = preSolution
		HideSolutionNode = FALSE
	EndGlobalSection
	GlobalSection(ExtensibilityGlobals) = postSolution
		SolutionGuid = {26076DA8-B1C5-4B0B-B835-E1804362BFFA}
	EndGlobalSection
EndGlobal
